{
  "version": 4,
  "terraform_version": "0.12.13",
  "serial": 229,
  "lineage": "17aafbd0-65c8-d6af-93d7-00cad161d142",
  "outputs": {
    "db-ip": {
      "value": [
        {
          "ip_address": "35.234.84.178",
          "time_to_retire": "",
          "type": "PRIMARY"
        }
      ],
      "type": [
        "list",
        [
          "object",
          {
            "ip_address": "string",
            "time_to_retire": "string",
            "type": "string"
          }
        ]
      ]
    },
    "server-ip": {
      "value": "35.246.199.254",
      "type": "string"
    }
  },
  "resources": [
    {
      "mode": "managed",
      "type": "google_compute_firewall",
      "name": "allowssh",
      "provider": "provider.google",
      "instances": [
        {
          "schema_version": 1,
          "attributes": {
            "allow": [
              {
                "ports": [
                  "22"
                ],
                "protocol": "tcp"
              }
            ],
            "creation_timestamp": "2019-11-10T13:14:42.454-08:00",
            "deny": [],
            "description": "",
            "destination_ranges": [],
            "direction": "INGRESS",
            "disabled": false,
            "id": "allowssh",
            "name": "allowssh",
            "network": "https://www.googleapis.com/compute/v1/projects/coral-shoreline-234300/global/networks/network1",
            "priority": 1000,
            "project": "coral-shoreline-234300",
            "self_link": "https://www.googleapis.com/compute/v1/projects/coral-shoreline-234300/global/firewalls/allowssh",
            "source_ranges": [
              "88.156.131.231/32"
            ],
            "source_service_accounts": null,
            "source_tags": null,
            "target_service_accounts": null,
            "target_tags": null,
            "timeouts": null
          },
          "private": "eyJlMmJmYjczMC1lY2FhLTExZTYtOGY4OC0zNDM2M2JjN2M0YzAiOnsiY3JlYXRlIjoyNDAwMDAwMDAwMDAsImRlbGV0ZSI6MjQwMDAwMDAwMDAwLCJ1cGRhdGUiOjI0MDAwMDAwMDAwMH0sInNjaGVtYV92ZXJzaW9uIjoiMSJ9",
          "depends_on": [
            "google_compute_network.network1"
          ]
        }
      ]
    },
    {
      "mode": "managed",
      "type": "google_compute_firewall",
      "name": "allowwww",
      "provider": "provider.google",
      "instances": [
        {
          "schema_version": 1,
          "attributes": {
            "allow": [
              {
                "ports": [
                  "80",
                  "443"
                ],
                "protocol": "tcp"
              }
            ],
            "creation_timestamp": "2019-11-10T13:14:42.443-08:00",
            "deny": [],
            "description": "",
            "destination_ranges": [],
            "direction": "INGRESS",
            "disabled": false,
            "id": "allowwww",
            "name": "allowwww",
            "network": "https://www.googleapis.com/compute/v1/projects/coral-shoreline-234300/global/networks/network1",
            "priority": 1000,
            "project": "coral-shoreline-234300",
            "self_link": "https://www.googleapis.com/compute/v1/projects/coral-shoreline-234300/global/firewalls/allowwww",
            "source_ranges": [
              "0.0.0.0/0"
            ],
            "source_service_accounts": null,
            "source_tags": null,
            "target_service_accounts": null,
            "target_tags": null,
            "timeouts": null
          },
          "private": "eyJlMmJmYjczMC1lY2FhLTExZTYtOGY4OC0zNDM2M2JjN2M0YzAiOnsiY3JlYXRlIjoyNDAwMDAwMDAwMDAsImRlbGV0ZSI6MjQwMDAwMDAwMDAwLCJ1cGRhdGUiOjI0MDAwMDAwMDAwMH0sInNjaGVtYV92ZXJzaW9uIjoiMSJ9",
          "depends_on": [
            "google_compute_network.network1"
          ]
        }
      ]
    },
    {
      "mode": "managed",
      "type": "google_compute_instance",
      "name": "www-serwer",
      "provider": "provider.google",
      "instances": [
        {
          "schema_version": 6,
          "attributes": {
            "allow_stopping_for_update": null,
            "attached_disk": [],
            "boot_disk": [
              {
                "auto_delete": true,
                "device_name": "persistent-disk-0",
                "disk_encryption_key_raw": "",
                "disk_encryption_key_sha256": "",
                "initialize_params": [
                  {
                    "image": "https://www.googleapis.com/compute/v1/projects/debian-cloud/global/images/debian-9-stretch-v20191014",
                    "labels": {},
                    "size": 10,
                    "type": "pd-standard"
                  }
                ],
                "kms_key_self_link": "",
                "mode": "READ_WRITE",
                "source": "https://www.googleapis.com/compute/v1/projects/coral-shoreline-234300/zones/europe-west3-b/disks/terraform-www"
              }
            ],
            "can_ip_forward": false,
            "cpu_platform": "Intel Broadwell",
            "deletion_protection": false,
            "description": "",
            "disk": [],
            "enable_display": false,
            "guest_accelerator": [],
            "hostname": "",
            "id": "terraform-www",
            "instance_id": "312704734096376634",
            "label_fingerprint": "42WmSpB8rSM=",
            "labels": null,
            "machine_type": "f1-micro",
            "metadata": {
              "ssh-keys": "terraform:ssh-rsa AAAAB3NzaC1yc2EAAAADAQABAAABAQDWRCPT02nNoPEoc2cgcZvsQKjIdLnG5HaNqDZkDTWFiUVU4Wy5+NJmPOO831CBF0c7+PAsMQLETng6eQCCB0o8pviK1+BNJMXgKzKaQnavQToFHB2zZl3BDLF6ZU3GkpLuMiNjrXPa9/kK7hIgCxL2W1VFCTVCboanAqcPPbZon1565W4Z//fe42e6zYQoFrckAS9hwIypnWlw7+zvYfqc1rPwvvms6msga+YJgEfg22Fbq0luqOmhxZ3Ib2s1IoCKURSHyCps90Wc+u3+gnFlTZKgemT5Us+Nx8ioA+qpHtqsDwo829puPt1MXWRaGTONKhIl+4AFhi1RWMXmdF1d oskar@MacBook-Pro-Oskar.local\n"
            },
            "metadata_fingerprint": "turKukEto2A=",
            "metadata_startup_script": "",
            "min_cpu_platform": "",
            "name": "terraform-www",
            "network_interface": [
              {
                "access_config": [
                  {
                    "assigned_nat_ip": "",
                    "nat_ip": "35.246.199.254",
                    "network_tier": "PREMIUM",
                    "public_ptr_domain_name": ""
                  }
                ],
                "address": "",
                "alias_ip_range": [],
                "name": "nic0",
                "network": "https://www.googleapis.com/compute/v1/projects/coral-shoreline-234300/global/networks/network1",
                "network_ip": "10.132.4.2",
                "subnetwork": "https://www.googleapis.com/compute/v1/projects/coral-shoreline-234300/regions/europe-west3/subnetworks/subnetwork1",
                "subnetwork_project": "coral-shoreline-234300"
              }
            ],
            "project": "coral-shoreline-234300",
            "scheduling": [
              {
                "automatic_restart": true,
                "node_affinities": [],
                "on_host_maintenance": "MIGRATE",
                "preemptible": false
              }
            ],
            "scratch_disk": [],
            "self_link": "https://www.googleapis.com/compute/v1/projects/coral-shoreline-234300/zones/europe-west3-b/instances/terraform-www",
            "service_account": [],
            "shielded_instance_config": [],
            "tags": [
              "http-server"
            ],
            "tags_fingerprint": "FYLDgkTKlA4=",
            "timeouts": null,
            "zone": "europe-west3-b"
          },
          "private": "eyJlMmJmYjczMC1lY2FhLTExZTYtOGY4OC0zNDM2M2JjN2M0YzAiOnsiY3JlYXRlIjoxMjAwMDAwMDAwMDAwLCJkZWxldGUiOjEyMDAwMDAwMDAwMDAsInVwZGF0ZSI6MTIwMDAwMDAwMDAwMH0sInNjaGVtYV92ZXJzaW9uIjoiNiJ9",
          "depends_on": [
            "google_compute_subnetwork.subnetwork1"
          ]
        }
      ]
    },
    {
      "mode": "managed",
      "type": "google_compute_network",
      "name": "network1",
      "provider": "provider.google",
      "instances": [
        {
          "schema_version": 0,
          "attributes": {
            "auto_create_subnetworks": false,
            "delete_default_routes_on_create": false,
            "description": "",
            "gateway_ipv4": "",
            "id": "network1",
            "ipv4_range": "",
            "name": "network1",
            "project": "coral-shoreline-234300",
            "routing_mode": "REGIONAL",
            "self_link": "https://www.googleapis.com/compute/v1/projects/coral-shoreline-234300/global/networks/network1",
            "timeouts": null
          },
          "private": "eyJlMmJmYjczMC1lY2FhLTExZTYtOGY4OC0zNDM2M2JjN2M0YzAiOnsiY3JlYXRlIjoyNDAwMDAwMDAwMDAsImRlbGV0ZSI6MjQwMDAwMDAwMDAwLCJ1cGRhdGUiOjI0MDAwMDAwMDAwMH19"
        }
      ]
    },
    {
      "mode": "managed",
      "type": "google_compute_subnetwork",
      "name": "subnetwork1",
      "provider": "provider.google",
      "instances": [
        {
          "schema_version": 0,
          "attributes": {
            "creation_timestamp": "2019-11-10T13:14:42.714-08:00",
            "description": "",
            "enable_flow_logs": false,
            "fingerprint": "-p32ZFnAgzs=",
            "gateway_address": "10.132.4.1",
            "id": "europe-west3/subnetwork1",
            "ip_cidr_range": "10.132.4.0/24",
            "log_config": [],
            "name": "subnetwork1",
            "network": "https://www.googleapis.com/compute/v1/projects/coral-shoreline-234300/global/networks/network1",
            "private_ip_google_access": false,
            "project": "coral-shoreline-234300",
            "region": "europe-west3",
            "secondary_ip_range": [],
            "self_link": "https://www.googleapis.com/compute/v1/projects/coral-shoreline-234300/regions/europe-west3/subnetworks/subnetwork1",
            "timeouts": null
          },
          "private": "eyJlMmJmYjczMC1lY2FhLTExZTYtOGY4OC0zNDM2M2JjN2M0YzAiOnsiY3JlYXRlIjozNjAwMDAwMDAwMDAsImRlbGV0ZSI6MzYwMDAwMDAwMDAwLCJ1cGRhdGUiOjM2MDAwMDAwMDAwMH19",
          "depends_on": [
            "google_compute_network.network1"
          ]
        }
      ]
    },
    {
      "module": "module.database",
      "mode": "managed",
      "type": "google_sql_database",
      "name": "users",
      "provider": "provider.google",
      "instances": [
        {
          "schema_version": 0,
          "attributes": {
            "charset": "UTF8",
            "collation": "en_US.UTF8",
            "id": "terraform-db1233:test",
            "instance": "terraform-db1233",
            "name": "test",
            "project": "coral-shoreline-234300",
            "self_link": "https://www.googleapis.com/sql/v1beta4/projects/coral-shoreline-234300/instances/terraform-db1233/databases/test",
            "timeouts": null
          },
          "private": "eyJlMmJmYjczMC1lY2FhLTExZTYtOGY4OC0zNDM2M2JjN2M0YzAiOnsiY3JlYXRlIjo5MDAwMDAwMDAwMDAsImRlbGV0ZSI6NjAwMDAwMDAwMDAwLCJ1cGRhdGUiOjYwMDAwMDAwMDAwMH19",
          "depends_on": [
            "google_sql_database_instance.terraform-db"
          ]
        }
      ]
    },
    {
      "module": "module.database",
      "mode": "managed",
      "type": "google_sql_database_instance",
      "name": "terraform-db",
      "provider": "provider.google",
      "instances": [
        {
          "schema_version": 0,
          "attributes": {
            "connection_name": "coral-shoreline-234300:europe-west3:terraform-db1233",
            "database_version": "POSTGRES_9_6",
            "first_ip_address": "35.234.84.178",
            "id": "terraform-db1233",
            "ip_address": [
              {
                "ip_address": "35.234.84.178",
                "time_to_retire": "",
                "type": "PRIMARY"
              }
            ],
            "master_instance_name": "",
            "name": "terraform-db1233",
            "private_ip_address": "",
            "project": "coral-shoreline-234300",
            "public_ip_address": "35.234.84.178",
            "region": "europe-west3",
            "replica_configuration": [],
            "self_link": "https://www.googleapis.com/sql/v1beta4/projects/coral-shoreline-234300/instances/terraform-db1233",
            "server_ca_cert": [
              {
                "cert": "-----BEGIN CERTIFICATE-----\nMIIDfzCCAmegAwIBAgIBADANBgkqhkiG9w0BAQsFADB3MS0wKwYDVQQuEyQ5MDA0\nZjI4MS1hYThlLTRiNWQtYmYxMC03Y2U1NGE3MTlkMjExIzAhBgNVBAMTGkdvb2ds\nZSBDbG91ZCBTUUwgU2VydmVyIENBMRQwEgYDVQQKEwtHb29nbGUsIEluYzELMAkG\nA1UEBhMCVVMwHhcNMTkxMTEwMjExNTAzWhcNMjkxMTA3MjExNjAzWjB3MS0wKwYD\nVQQuEyQ5MDA0ZjI4MS1hYThlLTRiNWQtYmYxMC03Y2U1NGE3MTlkMjExIzAhBgNV\nBAMTGkdvb2dsZSBDbG91ZCBTUUwgU2VydmVyIENBMRQwEgYDVQQKEwtHb29nbGUs\nIEluYzELMAkGA1UEBhMCVVMwggEiMA0GCSqGSIb3DQEBAQUAA4IBDwAwggEKAoIB\nAQCHvhu9wOBoB5khzxIauXXL3LIq6zqDcTuq4H3j7iJ/l0CMDyzifguc7N6qWkpX\nv7wzyROX6D6FDjqQ7B10GW0bv55yzkgn6b7kKWexa3lsgB1cVoD7oxxji5Pb9pZ5\nqvpZquBnNjRyKWh4Hny6Odz1twnMDW3BpybtqduZ7M4EgCAQ9ZdYryXDj0RMSl+E\n0mOMElVKdBGxDcxGdXRUMOeipKoY5My6AFN852M8rPDHSMSIRNRT3uc4m8eJg9rf\nl3NMZij5m7xwsjOzUz8WRI6AZcdhtYCToyfQ8OODbn10ECgAGwLz7ibxXmsF6WFf\nuVBJhSGh6VKESp5onf4mrhjHAgMBAAGjFjAUMBIGA1UdEwEB/wQIMAYBAf8CAQAw\nDQYJKoZIhvcNAQELBQADggEBAE945N+N2Yhv77LF6w1x6NHAxQzU3XPasvmxYlZL\nZoNXxlt5rFfdZAFhxKGVDZFB7Ujp/0fpQA+AX4uM9da7fyl80qty7DyG8WjSkBDv\nd7HtTEclxEM1N7Mp0kgjqPZzLdcWZK0UJomxZ6eSjUDCFOAboxwxTWiPQxTTG8Pl\nBeiUoDuVrNUvuejGg/ztlB6JlMmTNho0QeClREEh/MfN9XQwINQxWx+4+2CxSSma\ny8avUkvhtzKVo8jOoPlCYLHJj2qkY4jnOh5cpTNfI5xSbq+v0YyKJ94bclL/Bx4Y\n27ei6W6fZmiqWIA9uHFNdxYftOo+BrA8MRtV3Lq3l3/Il2Q=\n-----END CERTIFICATE-----",
                "common_name": "C=US,O=Google\\, Inc,CN=Google Cloud SQL Server CA,dnQualifier=9004f281-aa8e-4b5d-bf10-7ce54a719d21",
                "create_time": "2019-11-10T21:15:03.678Z",
                "expiration_time": "2029-11-07T21:16:03.678Z",
                "sha1_fingerprint": "e4566fcb71f84d1807d9eb11023a941dc1364a0a"
              }
            ],
            "service_account_email_address": "p1056147153337-lrnfh5@gcp-sa-cloud-sql.iam.gserviceaccount.com",
            "settings": [
              {
                "activation_policy": "ALWAYS",
                "authorized_gae_applications": null,
                "availability_type": "",
                "backup_configuration": [
                  {
                    "binary_log_enabled": false,
                    "enabled": false,
                    "location": "",
                    "start_time": "02:00"
                  }
                ],
                "crash_safe_replication": false,
                "database_flags": [],
                "disk_autoresize": true,
                "disk_size": 10,
                "disk_type": "PD_SSD",
                "ip_configuration": [
                  {
                    "authorized_networks": [
                      {
                        "expiration_time": "",
                        "name": "network1",
                        "value": "35.246.199.254/32"
                      }
                    ],
                    "ipv4_enabled": true,
                    "private_network": "",
                    "require_ssl": false
                  }
                ],
                "location_preference": [
                  {
                    "follow_gae_application": "",
                    "zone": "europe-west3-b"
                  }
                ],
                "maintenance_window": [],
                "pricing_plan": "PER_USE",
                "replication_type": "SYNCHRONOUS",
                "tier": "db-f1-micro",
                "user_labels": null,
                "version": 1
              }
            ],
            "timeouts": null
          },
          "private": "eyJlMmJmYjczMC1lY2FhLTExZTYtOGY4OC0zNDM2M2JjN2M0YzAiOnsiY3JlYXRlIjoxMjAwMDAwMDAwMDAwLCJkZWxldGUiOjEyMDAwMDAwMDAwMDAsInVwZGF0ZSI6MTIwMDAwMDAwMDAwMH19"
        }
      ]
    },
    {
      "module": "module.database",
      "mode": "managed",
      "type": "google_sql_user",
      "name": "machine-user",
      "provider": "provider.google",
      "instances": [
        {
          "schema_version": 1,
          "attributes": {
            "host": "",
            "id": "oskar//terraform-db1233",
            "instance": "terraform-db1233",
            "name": "oskar",
            "password": "oskar",
            "project": "coral-shoreline-234300"
          },
          "private": "eyJzY2hlbWFfdmVyc2lvbiI6IjEifQ==",
          "depends_on": [
            "google_sql_database_instance.terraform-db"
          ]
        }
      ]
    }
  ]
}
